
Microsoft Visual Studio Solution File, Format Version 12.00
# Visual Studio 14
VisualStudioVersion = 14.0.25420.1
MinimumVisualStudioVersion = 10.0.40219.1
Project("{FAE04EC0-301F-11D3-BF4B-00C04F79EFBC}") = "Pavlov TA16E", "Pavlov TA16E\Pavlov TA16E.csproj", "{4CC92EE2-C725-41EA-A9C2-8641E0E89EE7}"
EndProject
Global
	GlobalSection(SolutionConfigurationPlatforms) = preSolution
		Debug|Any CPU = Debug|Any CPU
		Release|Any CPU = Release|Any CPU
	EndGlobalSection
	GlobalSection(ProjectConfigurationPlatforms) = postSolution
		{4CC92EE2-C725-41EA-A9C2-8641E0E89EE7}.Debug|Any CPU.ActiveCfg = Debug|Any CPU
		{4CC92EE2-C725-41EA-A9C2-8641E0E89EE7}.Debug|Any CPU.Build.0 = Debug|Any CPU
		{4CC92EE2-C725-41EA-A9C2-8641E0E89EE7}.Release|Any CPU.ActiveCfg = Release|Any CPU
		{4CC92EE2-C725-41EA-A9C2-8641E0E89EE7}.Release|Any CPU.Build.0 = Release|Any CPU
	EndGlobalSection
	GlobalSection(SolutionProperties) = preSolution
		HideSolutionNode = FALSE
	EndGlobalSection
EndGlobal
